
Microsoft Visual Studio Solution File, Format Version 12.00
# Visual Studio Version 17
VisualStudioVersion = 17.3.32929.385
MinimumVisualStudioVersion = 10.0.40219.1
Project("{FAE04EC0-301F-11D3-BF4B-00C04F79EFBC}") = "dotnetcore-webmvc-app-dotnet-plugin", "dotnetcore-webmvc-app-dotnet-plugin\dotnetcore-webmvc-app-dotnet-plugin.csproj", "{A0B8E4EB-9E72-48A0-B461-D0ECEE382662}"
EndProject
Project("{2150E333-8FDC-42A3-9474-1A3956D46DE8}") = "Solution Items", "Solution Items", "{26CEFFA6-3723-4677-B371-1B847D4E9CC2}"
	ProjectSection(SolutionItems) = preProject
		.editorconfig = .editorconfig
	EndProjectSection
EndProject
Global
	GlobalSection(SolutionConfigurationPlatforms) = preSolution
		Debug|Any CPU = Debug|Any CPU
		Release|Any CPU = Release|Any CPU
	EndGlobalSection
	GlobalSection(ProjectConfigurationPlatforms) = postSolution
		{A0B8E4EB-9E72-48A0-B461-D0ECEE382662}.Debug|Any CPU.ActiveCfg = Debug|Any CPU
		{A0B8E4EB-9E72-48A0-B461-D0ECEE382662}.Debug|Any CPU.Build.0 = Debug|Any CPU
		{A0B8E4EB-9E72-48A0-B461-D0ECEE382662}.Release|Any CPU.ActiveCfg = Release|Any CPU
		{A0B8E4EB-9E72-48A0-B461-D0ECEE382662}.Release|Any CPU.Build.0 = Release|Any CPU
	EndGlobalSection
	GlobalSection(SolutionProperties) = preSolution
		HideSolutionNode = FALSE
	EndGlobalSection
	GlobalSection(ExtensibilityGlobals) = postSolution
		SolutionGuid = {C4C221AA-5119-439F-B81A-98A76D9513EA}
	EndGlobalSection
EndGlobal
